<?xml version="1.0" encoding="utf-8"?>
<Project ToolsVersion="4.0" xmlns="http://schemas.microsoft.com/developer/msbuild/2003">
  <ItemGroup>
    <Filter Include="Source Files">
      <UniqueIdentifier>{4FC737F1-C7A5-4376-A066-2A32D752A2FF}</UniqueIdentifier>
      <Extensions>cpp;c;cc;cxx;def;odl;idl;hpj;bat;asm;asmx</Extensions>
    </Filter>
    <Filter Include="Header Files">
      <UniqueIdentifier>{93995380-89BD-4b04-88EB-625FBE52EBFB}</UniqueIdentifier>
      <Extensions>h;hpp;hxx;hm;inl;inc;xsd</Extensions>
    </Filter>
    <Filter Include="Resource Files">
      <UniqueIdentifier>{67DA6AB6-F800-4c08-8B7A-83BB121AAD01}</UniqueIdentifier>
      <Extensions>rc;ico;cur;bmp;dlg;rc2;rct;bin;rgs;gif;jpg;jpeg;jpe;resx;tiff;tif;png;wav;mfcribbon-ms</Extensions>
    </Filter>
    <Filter Include="AC3Dec">
      <UniqueIdentifier>{a1228af4-4725-4835-8ecb-323a1e68029d}</UniqueIdentifier>
    </Filter>
  </ItemGroup>
  <ItemGroup>
    <ClCompile Include="..\..\src\dgindex\d2vparse.cpp">
      <Filter>Source Files</Filter>
    </ClCompile>
    <ClCompile Include="..\..\src\dgindex\getbit.cpp">
      <Filter>Source Files</Filter>
    </ClCompile>
    <ClCompile Include="..\..\src\dgindex\gethdr.cpp">
      <Filter>Source Files</Filter>
    </ClCompile>
    <ClCompile Include="..\..\src\dgindex\getpic.cpp">
      <Filter>Source Files</Filter>
    </ClCompile>
    <ClCompile Include="..\..\src\dgindex\gui.cpp">
      <Filter>Source Files</Filter>
    </ClCompile>
    <ClCompile Include="..\..\src\dgindex\idctfpu.cpp">
      <Filter>Source Files</Filter>
    </ClCompile>
    <ClCompile Include="..\..\src\dgindex\idctref.cpp">
      <Filter>Source Files</Filter>
    </ClCompile>
    <ClCompile Include="..\..\src\dgindex\initial_parse.cpp">
      <Filter>Source Files</Filter>
    </ClCompile>
    <ClCompile Include="..\..\src\dgindex\misc.cpp">
      <Filter>Source Files</Filter>
    </ClCompile>
    <ClCompile Include="..\..\src\dgindex\motion.cpp">
      <Filter>Source Files</Filter>
    </ClCompile>
    <ClCompile Include="..\..\src\dgindex\mpeg2dec.cpp">
      <Filter>Source Files</Filter>
    </ClCompile>
    <ClCompile Include="..\..\src\dgindex\norm.cpp">
      <Filter>Source Files</Filter>
    </ClCompile>
    <ClCompile Include="..\..\src\dgindex\parse_cli.cpp">
      <Filter>Source Files</Filter>
    </ClCompile>
    <ClCompile Include="..\..\src\dgindex\pat.cpp">
      <Filter>Source Files</Filter>
    </ClCompile>
    <ClCompile Include="..\..\src\dgindex\store.cpp">
      <Filter>Source Files</Filter>
    </ClCompile>
    <ClCompile Include="..\..\src\dgindex\strverscmp.cpp">
      <Filter>Source Files</Filter>
    </ClCompile>
    <ClCompile Include="..\..\src\dgindex\wavefs44.cpp">
      <Filter>Source Files</Filter>
    </ClCompile>
    <ClCompile Include="..\..\src\dgindex\AC3Dec\bit_allocate.cpp">
      <Filter>AC3Dec</Filter>
    </ClCompile>
    <ClCompile Include="..\..\src\dgindex\AC3Dec\bitstream.cpp">
      <Filter>AC3Dec</Filter>
    </ClCompile>
    <ClCompile Include="..\..\src\dgindex\AC3Dec\coeff.cpp">
      <Filter>AC3Dec</Filter>
    </ClCompile>
    <ClCompile Include="..\..\src\dgindex\AC3Dec\crc.cpp">
      <Filter>AC3Dec</Filter>
    </ClCompile>
    <ClCompile Include="..\..\src\dgindex\AC3Dec\decode.cpp">
      <Filter>AC3Dec</Filter>
    </ClCompile>
    <ClCompile Include="..\..\src\dgindex\AC3Dec\downmix.cpp">
      <Filter>AC3Dec</Filter>
    </ClCompile>
    <ClCompile Include="..\..\src\dgindex\AC3Dec\exponent.cpp">
      <Filter>AC3Dec</Filter>
    </ClCompile>
    <ClCompile Include="..\..\src\dgindex\AC3Dec\imdct.cpp">
      <Filter>AC3Dec</Filter>
    </ClCompile>
    <ClCompile Include="..\..\src\dgindex\AC3Dec\parse.cpp">
      <Filter>AC3Dec</Filter>
    </ClCompile>
    <ClCompile Include="..\..\src\dgindex\AC3Dec\rematrix.cpp">
      <Filter>AC3Dec</Filter>
    </ClCompile>
    <ClCompile Include="..\..\src\dgindex\AC3Dec\sanity_check.cpp">
      <Filter>AC3Dec</Filter>
    </ClCompile>
  </ItemGroup>
  <ItemGroup>
    <ClInclude Include="..\..\src\dgindex\filter.h">
      <Filter>Header Files</Filter>
    </ClInclude>
    <ClInclude Include="..\..\src\dgindex\getbit.h">
      <Filter>Header Files</Filter>
    </ClInclude>
    <ClInclude Include="..\..\src\dgindex\global.h">
      <Filter>Header Files</Filter>
    </ClInclude>
    <ClInclude Include="..\..\src\dgindex\misc.h">
      <Filter>Header Files</Filter>
    </ClInclude>
    <ClInclude Include="..\..\src\dgindex\pat.h">
      <Filter>Header Files</Filter>
    </ClInclude>
    <ClInclude Include="..\..\src\dgindex\resource.h">
      <Filter>Header Files</Filter>
    </ClInclude>
    <ClInclude Include="..\..\src\dgindex\skl_nasm.h">
      <Filter>Header Files</Filter>
    </ClInclude>
    <ClInclude Include="..\..\src\dgindex\AC3Dec\ac3.h">
      <Filter>AC3Dec</Filter>
    </ClInclude>
    <ClInclude Include="..\..\src\dgindex\AC3Dec\bitstream.h">
      <Filter>AC3Dec</Filter>
    </ClInclude>
  </ItemGroup>
  <ItemGroup>
    <ResourceCompile Include="..\..\src\dgindex\gui.rc">
      <Filter>Resource Files</Filter>
    </ResourceCompile>
  </ItemGroup>
  <ItemGroup>
    <None Include="..\..\src\dgindex\movie.ico">
      <Filter>Resource Files</Filter>
    </None>
  </ItemGroup>
  <ItemGroup>
    <CustomBuild Include="..\..\src\dgindex\simple_idct_mmx.asm">
      <Filter>Source Files</Filter>
    </CustomBuild>
    <CustomBuild Include="..\..\src\dgindex\skl_dct_sse.asm">
      <Filter>Source Files</Filter>
    </CustomBuild>
  </ItemGroup>
  <ItemGroup>
    <MASM Include="..\..\src\dgindex\idctmmx.asm">
      <Filter>Source Files</Filter>
    </MASM>
  </ItemGroup>
</Project>