
Microsoft Visual Studio Solution File, Format Version 12.00
# Visual Studio Version 16
VisualStudioVersion = 16.0.30204.135
MinimumVisualStudioVersion = 10.0.40219.1
Project("{8BC9CEB8-8B4A-11D0-8D11-00A0C91BC942}") = "DGDecode", "DGDecode.vcxproj", "{BE45DDEC-9C54-4E57-BE8C-3CDE734BEAA6}"
EndProject
Global
	GlobalSection(SolutionConfigurationPlatforms) = preSolution
		Debug|x64 = Debug|x64
		Debug|x86 = Debug|x86
		Release|x64 = Release|x64
		Release|x86 = Release|x86
	EndGlobalSection
	GlobalSection(ProjectConfigurationPlatforms) = postSolution
		{BE45DDEC-9C54-4E57-BE8C-3CDE734BEAA6}.Debug|x64.ActiveCfg = Debug|x64
		{BE45DDEC-9C54-4E57-BE8C-3CDE734BEAA6}.Debug|x64.Build.0 = Debug|x64
		{BE45DDEC-9C54-4E57-BE8C-3CDE734BEAA6}.Debug|x86.ActiveCfg = Debug|Win32
		{BE45DDEC-9C54-4E57-BE8C-3CDE734BEAA6}.Debug|x86.Build.0 = Debug|Win32
		{BE45DDEC-9C54-4E57-BE8C-3CDE734BEAA6}.Release|x64.ActiveCfg = Release|x64
		{BE45DDEC-9C54-4E57-BE8C-3CDE734BEAA6}.Release|x64.Build.0 = Release|x64
		{BE45DDEC-9C54-4E57-BE8C-3CDE734BEAA6}.Release|x86.ActiveCfg = Release|Win32
		{BE45DDEC-9C54-4E57-BE8C-3CDE734BEAA6}.Release|x86.Build.0 = Release|Win32
	EndGlobalSection
	GlobalSection(SolutionProperties) = preSolution
		HideSolutionNode = FALSE
	EndGlobalSection
	GlobalSection(ExtensibilityGlobals) = postSolution
		VisualSVNWorkingCopyRoot = .
		SolutionGuid = {80DFC486-AC15-406C-BBDA-6D722A495010}
	EndGlobalSection
EndGlobal
