
Microsoft Visual Studio Solution File, Format Version 9.00
# Visual C++ Express 2005
Project("{8BC9CEB8-8B4A-11D0-8D11-00A0C91BC942}") = "DGVfapi", "DGVfapi.vcproj", "{7D6F846E-8DF9-4A13-9509-3426D420D1F2}"
EndProject
Global
	GlobalSection(SolutionConfigurationPlatforms) = preSolution
		Debug|Win32 = Debug|Win32
		Release VFAPI|Win32 = Release VFAPI|Win32
	EndGlobalSection
	GlobalSection(ProjectConfigurationPlatforms) = postSolution
		{7D6F846E-8DF9-4A13-9509-3426D420D1F2}.Debug|Win32.ActiveCfg = Debug|Win32
		{7D6F846E-8DF9-4A13-9509-3426D420D1F2}.Debug|Win32.Build.0 = Debug|Win32
		{7D6F846E-8DF9-4A13-9509-3426D420D1F2}.Release VFAPI|Win32.ActiveCfg = Release VFAPI|Win32
		{7D6F846E-8DF9-4A13-9509-3426D420D1F2}.Release VFAPI|Win32.Build.0 = Release VFAPI|Win32
	EndGlobalSection
	GlobalSection(SolutionProperties) = preSolution
		HideSolutionNode = FALSE
	EndGlobalSection
EndGlobal
