
Microsoft Visual Studio Solution File, Format Version 9.00
# Visual C++ Express 2005
Project("{8BC9CEB8-8B4A-11D0-8D11-00A0C91BC942}") = "DGIndex", "DGIndex.vcproj", "{E6C1786B-7B27-4138-A30B-6FDF45A61F34}"
EndProject
Global
	GlobalSection(SolutionConfigurationPlatforms) = preSolution
		Debug|Win32 = Debug|Win32
		Release|Win32 = Release|Win32
	EndGlobalSection
	GlobalSection(ProjectConfigurationPlatforms) = postSolution
		{E6C1786B-7B27-4138-A30B-6FDF45A61F34}.Debug|Win32.ActiveCfg = Debug|Win32
		{E6C1786B-7B27-4138-A30B-6FDF45A61F34}.Debug|Win32.Build.0 = Debug|Win32
		{E6C1786B-7B27-4138-A30B-6FDF45A61F34}.Release|Win32.ActiveCfg = Release|Win32
		{E6C1786B-7B27-4138-A30B-6FDF45A61F34}.Release|Win32.Build.0 = Release|Win32
	EndGlobalSection
	GlobalSection(SolutionProperties) = preSolution
		HideSolutionNode = FALSE
	EndGlobalSection
EndGlobal
