<?xml version="1.0" encoding="utf-8"?>
<Project ToolsVersion="4.0" xmlns="http://schemas.microsoft.com/developer/msbuild/2003">
  <ItemGroup>
    <Filter Include="Source Files">
      <UniqueIdentifier>{4FC737F1-C7A5-4376-A066-2A32D752A2FF}</UniqueIdentifier>
      <Extensions>cpp;c;cc;cxx;def;odl;idl;hpj;bat;asm;asmx</Extensions>
    </Filter>
    <Filter Include="Header Files">
      <UniqueIdentifier>{93995380-89BD-4b04-88EB-625FBE52EBFB}</UniqueIdentifier>
      <Extensions>h;hh;hpp;hxx;hm;inl;inc;xsd</Extensions>
    </Filter>
    <Filter Include="Resource Files">
      <UniqueIdentifier>{67DA6AB6-F800-4c08-8B7A-83BB121AAD01}</UniqueIdentifier>
      <Extensions>rc;ico;cur;bmp;dlg;rc2;rct;bin;rgs;gif;jpg;jpeg;jpe;resx;tiff;tif;png;wav;mfcribbon-ms</Extensions>
    </Filter>
  </ItemGroup>
  <ItemGroup>
    <ClInclude Include="avisynth.h">
      <Filter>Header Files</Filter>
    </ClInclude>
    <ClInclude Include="AvisynthAPI.h">
      <Filter>Header Files</Filter>
    </ClInclude>
    <ClInclude Include="global.h">
      <Filter>Header Files</Filter>
    </ClInclude>
    <ClInclude Include="mc.h">
      <Filter>Header Files</Filter>
    </ClInclude>
    <ClInclude Include="misc.h">
      <Filter>Header Files</Filter>
    </ClInclude>
    <ClInclude Include="PostProcess.h">
      <Filter>Header Files</Filter>
    </ClInclude>
    <ClInclude Include="resource.h">
      <Filter>Header Files</Filter>
    </ClInclude>
    <ClInclude Include="skl_nasm.h">
      <Filter>Header Files</Filter>
    </ClInclude>
    <ClInclude Include="text-overlay.h">
      <Filter>Header Files</Filter>
    </ClInclude>
    <ClInclude Include="Utilities.h">
      <Filter>Header Files</Filter>
    </ClInclude>
    <ClInclude Include="avs\capi.h">
      <Filter>Header Files</Filter>
    </ClInclude>
    <ClInclude Include="avs\config.h">
      <Filter>Header Files</Filter>
    </ClInclude>
    <ClInclude Include="avs\cpuid.h">
      <Filter>Header Files</Filter>
    </ClInclude>
    <ClInclude Include="avs\posix.h">
      <Filter>Header Files</Filter>
    </ClInclude>
    <ClInclude Include="avs\types.h">
      <Filter>Header Files</Filter>
    </ClInclude>
  </ItemGroup>
  <ItemGroup>
    <ClCompile Include="alloc.cpp">
      <Filter>Source Files</Filter>
    </ClCompile>
    <ClCompile Include="AVISynthAPI.cpp">
      <Filter>Source Files</Filter>
    </ClCompile>
    <ClCompile Include="getbit.cpp">
      <Filter>Source Files</Filter>
    </ClCompile>
    <ClCompile Include="gethdr.cpp">
      <Filter>Source Files</Filter>
    </ClCompile>
    <ClCompile Include="getpic.cpp">
      <Filter>Source Files</Filter>
    </ClCompile>
    <ClCompile Include="global.cpp">
      <Filter>Source Files</Filter>
    </ClCompile>
    <ClCompile Include="idctfpu.cpp">
      <Filter>Source Files</Filter>
    </ClCompile>
    <ClCompile Include="idctref.cpp">
      <Filter>Source Files</Filter>
    </ClCompile>
    <ClCompile Include="mc.cpp">
      <Filter>Source Files</Filter>
    </ClCompile>
    <ClCompile Include="mc3dnow.cpp">
      <Filter>Source Files</Filter>
    </ClCompile>
    <ClCompile Include="mcmmx.cpp">
      <Filter>Source Files</Filter>
    </ClCompile>
    <ClCompile Include="misc.cpp">
      <Filter>Source Files</Filter>
    </ClCompile>
    <ClCompile Include="motion.cpp">
      <Filter>Source Files</Filter>
    </ClCompile>
    <ClCompile Include="mpeg2dec.cpp">
      <Filter>Source Files</Filter>
    </ClCompile>
    <ClCompile Include="PostProcess.cpp">
      <Filter>Source Files</Filter>
    </ClCompile>
    <ClCompile Include="store.cpp">
      <Filter>Source Files</Filter>
    </ClCompile>
    <ClCompile Include="text-overlay.cpp">
      <Filter>Source Files</Filter>
    </ClCompile>
    <ClCompile Include="Utilities.cpp">
      <Filter>Source Files</Filter>
    </ClCompile>
    <ClCompile Include="vfapidec.cpp">
      <Filter>Source Files</Filter>
    </ClCompile>
    <ClCompile Include="deblock.cpp">
      <Filter>Source Files</Filter>
    </ClCompile>
    <ClCompile Include="lumayv12.cpp">
      <Filter>Source Files</Filter>
    </ClCompile>
  </ItemGroup>
  <ItemGroup>
    <CustomBuild Include="idctmmx.asm">
      <Filter>Source Files</Filter>
    </CustomBuild>
    <CustomBuild Include="mcsse.asm">
      <Filter>Source Files</Filter>
    </CustomBuild>
    <CustomBuild Include="simple_idct_mmx.asm">
      <Filter>Source Files</Filter>
    </CustomBuild>
    <CustomBuild Include="skl_dct_sse.asm">
      <Filter>Source Files</Filter>
    </CustomBuild>
  </ItemGroup>
  <ItemGroup>
    <Text Include="CodeNote1.txt" />
    <Text Include="COPYING.txt" />
    <Text Include="History.txt" />
  </ItemGroup>
  <ItemGroup>
    <None Include="DGDecodeManual.html" />
  </ItemGroup>
  <ItemGroup>
    <ResourceCompile Include="gui.rc">
      <Filter>Resource Files</Filter>
    </ResourceCompile>
  </ItemGroup>
</Project>